
Microsoft Visual Studio Solution File, Format Version 12.00
# Visual Studio Version 16
VisualStudioVersion = 16.0.30114.105
MinimumVisualStudioVersion = 10.0.40219.1
Project("{FAE04EC0-301F-11D3-BF4B-00C04F79EFBC}") = "TrackerLibrary", "TrackerLibrary\TrackerLibrary.csproj", "{311E1FC6-B3CA-4D86-BEE6-6FE4589F3CA8}"
EndProject
Project("{2150E333-8FDC-42A3-9474-1A3956D46DE8}") = "Solution Items", "Solution Items", "{CCC866FD-BE83-4AC6-9F01-D721D52999F4}"
EndProject
Project("{FAE04EC0-301F-11D3-BF4B-00C04F79EFBC}") = "TrackerUI", "TrackerUI\TrackerUI.csproj", "{87ADDC89-513B-4512-8611-49FE2F407DEA}"
EndProject
Global
	GlobalSection(SolutionConfigurationPlatforms) = preSolution
		Debug|Any CPU = Debug|Any CPU
		Release|Any CPU = Release|Any CPU
	EndGlobalSection
	GlobalSection(ProjectConfigurationPlatforms) = postSolution
		{311E1FC6-B3CA-4D86-BEE6-6FE4589F3CA8}.Debug|Any CPU.ActiveCfg = Debug|Any CPU
		{311E1FC6-B3CA-4D86-BEE6-6FE4589F3CA8}.Debug|Any CPU.Build.0 = Debug|Any CPU
		{311E1FC6-B3CA-4D86-BEE6-6FE4589F3CA8}.Release|Any CPU.ActiveCfg = Release|Any CPU
		{311E1FC6-B3CA-4D86-BEE6-6FE4589F3CA8}.Release|Any CPU.Build.0 = Release|Any CPU
		{87ADDC89-513B-4512-8611-49FE2F407DEA}.Debug|Any CPU.ActiveCfg = Debug|Any CPU
		{87ADDC89-513B-4512-8611-49FE2F407DEA}.Debug|Any CPU.Build.0 = Debug|Any CPU
		{87ADDC89-513B-4512-8611-49FE2F407DEA}.Release|Any CPU.ActiveCfg = Release|Any CPU
		{87ADDC89-513B-4512-8611-49FE2F407DEA}.Release|Any CPU.Build.0 = Release|Any CPU
	EndGlobalSection
	GlobalSection(SolutionProperties) = preSolution
		HideSolutionNode = FALSE
	EndGlobalSection
	GlobalSection(ExtensibilityGlobals) = postSolution
		SolutionGuid = {A1E7EEA6-832A-4799-8850-93755FD43759}
	EndGlobalSection
EndGlobal
